
Microsoft Visual Studio Solution File, Format Version 12.00
# Visual Studio Version 17
VisualStudioVersion = 17.1.32328.378
MinimumVisualStudioVersion = 10.0.40219.1
Project("{FAE04EC0-301F-11D3-BF4B-00C04F79EFBC}") = "ToDoList", "ToDoList\ToDoList.csproj", "{2F5EA104-CA2D-4287-A585-4E5A6CC65DBB}"
EndProject
Global
	GlobalSection(SolutionConfigurationPlatforms) = preSolution
		Debug|Any CPU = Debug|Any CPU
		Release|Any CPU = Release|Any CPU
	EndGlobalSection
	GlobalSection(ProjectConfigurationPlatforms) = postSolution
		{2F5EA104-CA2D-4287-A585-4E5A6CC65DBB}.Debug|Any CPU.ActiveCfg = Debug|Any CPU
		{2F5EA104-CA2D-4287-A585-4E5A6CC65DBB}.Debug|Any CPU.Build.0 = Debug|Any CPU
		{2F5EA104-CA2D-4287-A585-4E5A6CC65DBB}.Release|Any CPU.ActiveCfg = Release|Any CPU
		{2F5EA104-CA2D-4287-A585-4E5A6CC65DBB}.Release|Any CPU.Build.0 = Release|Any CPU
	EndGlobalSection
	GlobalSection(SolutionProperties) = preSolution
		HideSolutionNode = FALSE
	EndGlobalSection
	GlobalSection(ExtensibilityGlobals) = postSolution
		SolutionGuid = {44C0919E-AB23-4AE4-81A2-152F6899BA45}
	EndGlobalSection
EndGlobal
